{
  "name": "DGX_Community",
  "lockfileVersion": 3,
  "requires": true,
  "packages": {
    "": {
      "dependencies": {
        "16": "^0.0.2",
        "react-big-calendar": "^1.13.1",
        "react-quill": "^0.0.2"
      }
    },
    "node_modules/@babel/runtime": {
      "version": "7.25.0",
      "license": "MIT",
      "dependencies": {
        "regenerator-runtime": "^0.14.0"
      },
      "engines": {
        "node": ">=6.9.0"
      }
    },
    "node_modules/@popperjs/core": {
      "version": "2.11.8",
      "license": "MIT",
      "funding": {
        "type": "opencollective",
        "url": "https://opencollective.com/popperjs"
      }
    },
    "node_modules/@restart/hooks": {
      "version": "0.4.16",
      "license": "MIT",
      "dependencies": {
        "dequal": "^2.0.3"
      },
      "peerDependencies": {
        "react": ">=16.8.0"
      }
    },
    "node_modules/@types/prop-types": {
      "version": "15.7.12",
      "license": "MIT"
    },
    "node_modules/@types/react": {
      "version": "18.3.3",
      "license": "MIT",
      "dependencies": {
        "@types/prop-types": "*",
        "csstype": "^3.0.2"
      }
    },
    "node_modules/@types/warning": {
      "version": "3.0.3",
      "license": "MIT"
    },
    "node_modules/16": {
      "version": "0.0.2",
      "resolved": "https://registry.npmjs.org/16/-/16-0.0.2.tgz",
      "integrity": "sha512-AhG4lpdn+/it+U5Xl1bm5SbaHYTH5NfU/vXZkP7E7CHjtVtITuFVZKa3AZP3gN38RDJHYYtEqWmqzCutlXaR7w==",
      "license": "ISC",
      "dependencies": {
        "numeric": "^1.2.6"
      }
    },
    "node_modules/clsx": {
      "version": "1.2.1",
      "license": "MIT",
      "engines": {
        "node": ">=6"
      }
    },
    "node_modules/csstype": {
      "version": "3.1.3",
      "license": "MIT"
    },
    "node_modules/date-arithmetic": {
      "version": "4.1.0",
      "license": "MIT"
    },
    "node_modules/dayjs": {
      "version": "1.11.12",
      "license": "MIT"
    },
    "node_modules/dequal": {
      "version": "2.0.3",
      "license": "MIT",
      "engines": {
        "node": ">=6"
      }
    },
    "node_modules/dom-helpers": {
      "version": "5.2.1",
      "license": "MIT",
      "dependencies": {
        "@babel/runtime": "^7.8.7",
        "csstype": "^3.0.2"
      }
    },
    "node_modules/eventemitter2": {
      "version": "0.4.14",
      "resolved": "https://registry.npmjs.org/eventemitter2/-/eventemitter2-0.4.14.tgz",
      "integrity": "sha512-K7J4xq5xAD5jHsGM5ReWXRTFa3JRGofHiMcVgQ8PRwgWxzjHpMWCIzsmyf60+mh8KLsqYPcjUMa0AC4hd6lPyQ==",
      "license": "MIT"
    },
    "node_modules/fast-diff": {
      "version": "1.0.1",
      "resolved": "https://registry.npmjs.org/fast-diff/-/fast-diff-1.0.1.tgz",
      "integrity": "sha512-anEzYJ8VOA5iAMjDOVMTVMrUOXveDTMMk5x0E4p0nJ3VPoIOolF51AqYyE+UD0QIyggUwqppqH7XVA9lF3fdaQ==",
      "license": "Apache 2.0"
    },
    "node_modules/globalize": {
      "version": "0.1.1"
    },
    "node_modules/invariant": {
      "version": "2.2.4",
      "license": "MIT",
      "dependencies": {
        "loose-envify": "^1.0.0"
      }
    },
    "node_modules/js-tokens": {
      "version": "4.0.0",
      "license": "MIT"
    },
    "node_modules/lodash": {
      "version": "4.17.21",
      "license": "MIT"
    },
    "node_modules/lodash-es": {
      "version": "4.17.21",
      "license": "MIT"
    },
    "node_modules/loose-envify": {
      "version": "1.4.0",
      "license": "MIT",
      "dependencies": {
        "js-tokens": "^3.0.0 || ^4.0.0"
      },
      "bin": {
        "loose-envify": "cli.js"
      }
    },
    "node_modules/luxon": {
      "version": "3.4.4",
      "license": "MIT",
      "engines": {
        "node": ">=12"
      }
    },
    "node_modules/memoize-one": {
      "version": "6.0.0",
      "license": "MIT"
    },
    "node_modules/moment": {
      "version": "2.30.1",
      "license": "MIT",
      "engines": {
        "node": "*"
      }
    },
    "node_modules/moment-timezone": {
      "version": "0.5.45",
      "license": "MIT",
      "dependencies": {
        "moment": "^2.29.4"
      },
      "engines": {
        "node": "*"
      }
    },
    "node_modules/numeric": {
      "version": "1.2.6",
      "resolved": "https://registry.npmjs.org/numeric/-/numeric-1.2.6.tgz",
      "integrity": "sha512-avBiDAP8siMa7AfJgYyuxw1oyII4z2sswS23+O+ZfV28KrtNzy0wxUFwi4f3RyM4eeeXNs1CThxR7pb5QQcMiw=="
    },
    "node_modules/object-assign": {
      "version": "4.1.1",
      "license": "MIT",
      "engines": {
        "node": ">=0.10.0"
      }
    },
    "node_modules/prop-types": {
      "version": "15.8.1",
      "license": "MIT",
      "dependencies": {
        "loose-envify": "^1.4.0",
        "object-assign": "^4.1.1",
        "react-is": "^16.13.1"
      }
    },
    "node_modules/quilljs": {
      "version": "0.18.1",
      "resolved": "https://registry.npmjs.org/quilljs/-/quilljs-0.18.1.tgz",
      "integrity": "sha512-VKaO7GNehgnH4LlFPx5ZAl+KFDoRVtboY0I6UUbYXUsPHP8kR80Tg/CFEYqrqrpCOGQr4OQ5Tjm813gV1DUyQw==",
      "license": "BSD-3-Clause",
      "dependencies": {
        "eventemitter2": "~0.4.13",
        "lodash": "~2.4.1",
        "rich-text": "~1.0.2"
      },
      "engines": {
        "node": ">=0.10"
      }
    },
    "node_modules/quilljs/node_modules/lodash": {
      "version": "2.4.2",
      "resolved": "https://registry.npmjs.org/lodash/-/lodash-2.4.2.tgz",
      "integrity": "sha512-Kak1hi6/hYHGVPmdyiZijoQyz5x2iGVzs6w9GYB/HiXEtylY7tIoYEROMjvM1d9nXJqPOrG2MNPMn01bJ+S0Rw==",
      "engines": [
        "node",
        "rhino"
      ],
      "license": "MIT"
    },
    "node_modules/react": {
      "version": "18.3.1",
      "license": "MIT",
      "peer": true,
      "dependencies": {
        "loose-envify": "^1.1.0"
      },
      "engines": {
        "node": ">=0.10.0"
      }
    },
    "node_modules/react-big-calendar": {
      "version": "1.13.1",
      "license": "MIT",
      "dependencies": {
        "@babel/runtime": "^7.20.7",
        "clsx": "^1.2.1",
        "date-arithmetic": "^4.1.0",
        "dayjs": "^1.11.7",
        "dom-helpers": "^5.2.1",
        "globalize": "^0.1.1",
        "invariant": "^2.2.4",
        "lodash": "^4.17.21",
        "lodash-es": "^4.17.21",
        "luxon": "^3.2.1",
        "memoize-one": "^6.0.0",
        "moment": "^2.29.4",
        "moment-timezone": "^0.5.40",
        "prop-types": "^15.8.1",
        "react-overlays": "^5.2.1",
        "uncontrollable": "^7.2.1"
      },
      "peerDependencies": {
        "react": "^16.14.0 || ^17 || ^18",
        "react-dom": "^16.14.0 || ^17 || ^18"
      }
    },
    "node_modules/react-dom": {
      "version": "18.3.1",
      "license": "MIT",
      "peer": true,
      "dependencies": {
        "loose-envify": "^1.1.0",
        "scheduler": "^0.23.2"
      },
      "peerDependencies": {
        "react": "^18.3.1"
      }
    },
    "node_modules/react-is": {
      "version": "16.13.1",
      "license": "MIT"
    },
    "node_modules/react-lifecycles-compat": {
      "version": "3.0.4",
      "license": "MIT"
    },
    "node_modules/react-overlays": {
      "version": "5.2.1",
      "license": "MIT",
      "dependencies": {
        "@babel/runtime": "^7.13.8",
        "@popperjs/core": "^2.11.6",
        "@restart/hooks": "^0.4.7",
        "@types/warning": "^3.0.0",
        "dom-helpers": "^5.2.0",
        "prop-types": "^15.7.2",
        "uncontrollable": "^7.2.1",
        "warning": "^4.0.3"
      },
      "peerDependencies": {
        "react": ">=16.3.0",
        "react-dom": ">=16.3.0"
      }
    },
    "node_modules/react-quill": {
      "version": "0.0.2",
      "resolved": "https://registry.npmjs.org/react-quill/-/react-quill-0.0.2.tgz",
      "integrity": "sha512-PeiHXZ63Sumh41OdovBQExXJH7B4UsJpyCW8CtRvXrNBa2RJXdciaJvTeb0x6pYQfqkoCYPT5EbUvEr0Z1tohg==",
      "license": "MIT",
      "dependencies": {
        "quilljs": "^0.18.1"
      },
      "engines": {
        "node": ">= 0.8.x"
      },
      "peerDependencies": {
        "react": ">=0.11.0"
      }
    },
    "node_modules/regenerator-runtime": {
      "version": "0.14.1",
      "license": "MIT"
    },
    "node_modules/rich-text": {
      "version": "1.0.3",
      "resolved": "https://registry.npmjs.org/rich-text/-/rich-text-1.0.3.tgz",
      "integrity": "sha512-L+Mi0fBH4/TBGH68XZqUXdUr5Ze+ViYkrKuwEvCpeyB1Blbp4CLO4LyYleutTNybujCMQfcmivaNrE3YLrEUgg==",
      "license": "MIT",
      "dependencies": {
        "fast-diff": "~1.0.0"
      },
      "engines": {
        "node": ">=0.10"
      }
    },
    "node_modules/scheduler": {
      "version": "0.23.2",
      "license": "MIT",
      "peer": true,
      "dependencies": {
        "loose-envify": "^1.1.0"
      }
    },
    "node_modules/uncontrollable": {
      "version": "7.2.1",
      "license": "MIT",
      "dependencies": {
        "@babel/runtime": "^7.6.3",
        "@types/react": ">=16.9.11",
        "invariant": "^2.2.4",
        "react-lifecycles-compat": "^3.0.4"
      },
      "peerDependencies": {
        "react": ">=15.0.0"
      }
    },
    "node_modules/warning": {
      "version": "4.0.3",
      "license": "MIT",
      "dependencies": {
        "loose-envify": "^1.0.0"
      }
    }
  }
}
